
Microsoft Visual Studio Solution File, Format Version 12.00
# Visual Studio Version 17
VisualStudioVersion = 17.7.34003.232
MinimumVisualStudioVersion = 10.0.40219.1
Project("{FAE04EC0-301F-11D3-BF4B-00C04F79EFBC}") = "ModifiedMovieApp", "ModifiedMovieApp.csproj", "{CC657779-3B52-4AD3-BC50-4A0C5D50DD56}"
EndProject
Global
	GlobalSection(SolutionConfigurationPlatforms) = preSolution
		Debug|Any CPU = Debug|Any CPU
		Release|Any CPU = Release|Any CPU
	EndGlobalSection
	GlobalSection(ProjectConfigurationPlatforms) = postSolution
		{CC657779-3B52-4AD3-BC50-4A0C5D50DD56}.Debug|Any CPU.ActiveCfg = Debug|Any CPU
		{CC657779-3B52-4AD3-BC50-4A0C5D50DD56}.Debug|Any CPU.Build.0 = Debug|Any CPU
		{CC657779-3B52-4AD3-BC50-4A0C5D50DD56}.Release|Any CPU.ActiveCfg = Release|Any CPU
		{CC657779-3B52-4AD3-BC50-4A0C5D50DD56}.Release|Any CPU.Build.0 = Release|Any CPU
	EndGlobalSection
	GlobalSection(SolutionProperties) = preSolution
		HideSolutionNode = FALSE
	EndGlobalSection
	GlobalSection(ExtensibilityGlobals) = postSolution
		SolutionGuid = {EF6716B9-17D5-403A-B656-2AE7C4ECD7A5}
	EndGlobalSection
EndGlobal
